
Microsoft Visual Studio Solution File, Format Version 12.00
# Visual Studio Version 17
VisualStudioVersion = 17.1.32421.90
MinimumVisualStudioVersion = 10.0.40219.1
Project("{FAE04EC0-301F-11D3-BF4B-00C04F79EFBC}") = "Exercicio17", "Exercicio17\Exercicio17.csproj", "{21CB4F31-F3A8-440D-BB6F-CB48F47A83DF}"
EndProject
Global
	GlobalSection(SolutionConfigurationPlatforms) = preSolution
		Debug|Any CPU = Debug|Any CPU
		Release|Any CPU = Release|Any CPU
	EndGlobalSection
	GlobalSection(ProjectConfigurationPlatforms) = postSolution
		{21CB4F31-F3A8-440D-BB6F-CB48F47A83DF}.Debug|Any CPU.ActiveCfg = Debug|Any CPU
		{21CB4F31-F3A8-440D-BB6F-CB48F47A83DF}.Debug|Any CPU.Build.0 = Debug|Any CPU
		{21CB4F31-F3A8-440D-BB6F-CB48F47A83DF}.Release|Any CPU.ActiveCfg = Release|Any CPU
		{21CB4F31-F3A8-440D-BB6F-CB48F47A83DF}.Release|Any CPU.Build.0 = Release|Any CPU
	EndGlobalSection
	GlobalSection(SolutionProperties) = preSolution
		HideSolutionNode = FALSE
	EndGlobalSection
	GlobalSection(ExtensibilityGlobals) = postSolution
		SolutionGuid = {14387E1A-66EA-4DD1-965C-6E51804679F6}
	EndGlobalSection
EndGlobal
